PODS:
  - DropDown (2.3.13)
  - FMDB (2.7.5):
    - FMDB/standard (= 2.7.5)
  - FMDB/standard (2.7.5)
  - Kingfisher (5.14.1):
    - Kingfisher/Core (= 5.14.1)
  - Kingfisher/Core (5.14.1)
  - lottie-ios (3.1.8)
  - RxCocoa (5.1.1):
    - RxRelay (~> 5)
    - RxSwift (~> 5)
  - RxRelay (5.1.1):
    - RxSwift (~> 5)
  - RxSwift (5.1.1)
  - SnapKit (5.0.1)
  - SwiftLint (0.39.2)
  - Then (2.7.0)

DEPENDENCIES:
  - DropDown (~> 2.3.13)
  - FMDB (~> 2.7.5)
  - Kingfisher (~> 5.14.1)
  - lottie-ios (~> 3.1.8)
  - RxCocoa
  - RxSwift
  - SnapKit (~> 5.0.1)
  - SwiftLint
  - Then (~> 2.7.0)

SPEC REPOS:
  trunk:
    - DropDown
    - FMDB
    - Kingfisher
    - lottie-ios
    - RxCocoa
    - RxRelay
    - RxSwift
    - SnapKit
    - SwiftLint
    - Then

SPEC CHECKSUMS:
  DropDown: 8a2116376c1981888557f72ec2ffc9a5e0e456ec
  FMDB: 2ce00b547f966261cd18927a3ddb07cb6f3db82a
  Kingfisher: 8050bc6f7f68cbf3908bd04df7ccbac188f6d6d6
  lottie-ios: 48fac6be217c76937e36e340e2d09cf7b10b7f5f
  RxCocoa: 32065309a38d29b5b0db858819b5bf9ef038b601
  RxRelay: d77f7d771495f43c556cbc43eebd1bb54d01e8e9
  RxSwift: 81470a2074fa8780320ea5fe4102807cb7118178
  SnapKit: 97b92857e3df3a0c71833cce143274bf6ef8e5eb
  SwiftLint: 22ccbbe3b8008684be5955693bab135e0ed6a447
  Then: acfe0be7e98221c6204e12f8161459606d5d822d

PODFILE CHECKSUM: 9c167572a16331d7f5173768deaaacbcd92abf2e

COCOAPODS: 1.9.1
