// !$*UTF8*$!
{
	archiveVersion = 1;
	classes = {
	};
	objectVersion = 51;
	objects = {

/* Begin PBXBuildFile section */
		0028C44641753489C46D550B /* Pods_mytine.framework in Frameworks */ = {isa = PBXBuildFile; fileRef = AFDA17E344702CFAAB58362C /* Pods_mytine.framework */; };
		0636992B24CC1D3D00C1C900 /* HomeRootine.storyboard in Resources */ = {isa = PBXBuildFile; fileRef = 0636992A24CC1D3D00C1C900 /* HomeRootine.storyboard */; };
		0636992D24CC1D4F00C1C900 /* HomeRootineViewController.swift in Sources */ = {isa = PBXBuildFile; fileRef = 0636992C24CC1D4F00C1C900 /* HomeRootineViewController.swift */; };
		0636993024CC1DAC00C1C900 /* HomeRootineCVCell.swift in Sources */ = {isa = PBXBuildFile; fileRef = 0636992E24CC1DAC00C1C900 /* HomeRootineCVCell.swift */; };
		0636993124CC1DAC00C1C900 /* HomeRootineCVCell.xib in Resources */ = {isa = PBXBuildFile; fileRef = 0636992F24CC1DAC00C1C900 /* HomeRootineCVCell.xib */; };
		0636993824CC1E4F00C1C900 /* WeekRootineTVCell.swift in Sources */ = {isa = PBXBuildFile; fileRef = 0636993624CC1E4F00C1C900 /* WeekRootineTVCell.swift */; };
		0636993924CC1E4F00C1C900 /* WeekRootineTVCell.xib in Resources */ = {isa = PBXBuildFile; fileRef = 0636993724CC1E4F00C1C900 /* WeekRootineTVCell.xib */; };
		0636994024CC1EEF00C1C900 /* DayRootineCVCell.swift in Sources */ = {isa = PBXBuildFile; fileRef = 0636993E24CC1EEF00C1C900 /* DayRootineCVCell.swift */; };
		0636994124CC1EEF00C1C900 /* DayRootineCVCell.xib in Resources */ = {isa = PBXBuildFile; fileRef = 0636993F24CC1EEF00C1C900 /* DayRootineCVCell.xib */; };
		0636994724CD73A500C1C900 /* FMDBManager.swift in Sources */ = {isa = PBXBuildFile; fileRef = 0636994624CD73A500C1C900 /* FMDBManager.swift */; };
		06A720A224CE9AA200ED31DC /* RootineModel.swift in Sources */ = {isa = PBXBuildFile; fileRef = 06A720A124CE9AA200ED31DC /* RootineModel.swift */; };
		06A720A424CE9C4700ED31DC /* Date+Extension.swift in Sources */ = {isa = PBXBuildFile; fileRef = 06A720A324CE9C4700ED31DC /* Date+Extension.swift */; };
		06A720AC24CED0CC00ED31DC /* CalendarManager.swift in Sources */ = {isa = PBXBuildFile; fileRef = 06A720AB24CED0CC00ED31DC /* CalendarManager.swift */; };
		0804D25624B84C5B002D2A12 /* AppDelegate.swift in Sources */ = {isa = PBXBuildFile; fileRef = 0804D25524B84C5B002D2A12 /* AppDelegate.swift */; };
		0804D25F24B84C5D002D2A12 /* Assets.xcassets in Resources */ = {isa = PBXBuildFile; fileRef = 0804D25E24B84C5D002D2A12 /* Assets.xcassets */; };
		0804D26224B84C5D002D2A12 /* LaunchScreen.storyboard in Resources */ = {isa = PBXBuildFile; fileRef = 0804D26024B84C5D002D2A12 /* LaunchScreen.storyboard */; };
		0804D26C24B84FD3002D2A12 /* Home.storyboard in Resources */ = {isa = PBXBuildFile; fileRef = 0804D26B24B84FD3002D2A12 /* Home.storyboard */; };
		0804D27024B850E3002D2A12 /* CalendarVC.swift in Sources */ = {isa = PBXBuildFile; fileRef = 0804D26F24B850E3002D2A12 /* CalendarVC.swift */; };
		0833EC4D24D08F6300DE5518 /* RoutineVC.swift in Sources */ = {isa = PBXBuildFile; fileRef = 0833EC4C24D08F6300DE5518 /* RoutineVC.swift */; };
		0833EC4F24D090B600DE5518 /* ViewModelBindableType.swift in Sources */ = {isa = PBXBuildFile; fileRef = 0833EC4E24D090B600DE5518 /* ViewModelBindableType.swift */; };
		0833EC5224D091CB00DE5518 /* RoutineListViewModel.swift in Sources */ = {isa = PBXBuildFile; fileRef = 0833EC5124D091CB00DE5518 /* RoutineListViewModel.swift */; };
		0833EC5524D0921300DE5518 /* TransitionModel.swift in Sources */ = {isa = PBXBuildFile; fileRef = 0833EC5424D0921300DE5518 /* TransitionModel.swift */; };
		0833EC5724D0928D00DE5518 /* Scene.swift in Sources */ = {isa = PBXBuildFile; fileRef = 0833EC5624D0928D00DE5518 /* Scene.swift */; };
		0833EC5924D0954000DE5518 /* SceneCoordinatorType.swift in Sources */ = {isa = PBXBuildFile; fileRef = 0833EC5824D0954000DE5518 /* SceneCoordinatorType.swift */; };
		0833EC5B24D095CD00DE5518 /* SceneCoordinator.swift in Sources */ = {isa = PBXBuildFile; fileRef = 0833EC5A24D095CD00DE5518 /* SceneCoordinator.swift */; };
		0833EC5D24D1CBA800DE5518 /* CommonViewModel.swift in Sources */ = {isa = PBXBuildFile; fileRef = 0833EC5C24D1CBA800DE5518 /* CommonViewModel.swift */; };
		0833EC6024D1CD9900DE5518 /* RoutineStorageType.swift in Sources */ = {isa = PBXBuildFile; fileRef = 0833EC5F24D1CD9900DE5518 /* RoutineStorageType.swift */; };
		0833EC6224D1CEB700DE5518 /* MemoryStorage.swift in Sources */ = {isa = PBXBuildFile; fileRef = 0833EC6124D1CEB700DE5518 /* MemoryStorage.swift */; };
		0833EC6524D1CFD000DE5518 /* Routine.swift in Sources */ = {isa = PBXBuildFile; fileRef = 0833EC6424D1CFD000DE5518 /* Routine.swift */; };
		08A3F42724C40CB300201278 /* HomeVC.swift in Sources */ = {isa = PBXBuildFile; fileRef = 08A3F42624C40CB300201278 /* HomeVC.swift */; };
		08A3F44924C57B1E00201278 /* WeekTVCell.swift in Sources */ = {isa = PBXBuildFile; fileRef = 08A3F44824C57B1E00201278 /* WeekTVCell.swift */; };
		08A3F44B24C57B8B00201278 /* WeekCVCell.swift in Sources */ = {isa = PBXBuildFile; fileRef = 08A3F44A24C57B8B00201278 /* WeekCVCell.swift */; };
		08A3F44D24C58AE400201278 /* HomePopVC.swift in Sources */ = {isa = PBXBuildFile; fileRef = 08A3F44C24C58AE400201278 /* HomePopVC.swift */; };
		08A3F44F24C5D46300201278 /* TabTVCell.swift in Sources */ = {isa = PBXBuildFile; fileRef = 08A3F44E24C5D46300201278 /* TabTVCell.swift */; };
		08A3F45224C5FC3D00201278 /* CheckReusableView.swift in Sources */ = {isa = PBXBuildFile; fileRef = 08A3F45124C5FC3D00201278 /* CheckReusableView.swift */; };
		08A3F45624C61B0A00201278 /* UIColor+Additions.swift in Sources */ = {isa = PBXBuildFile; fileRef = 08A3F45324C61B0A00201278 /* UIColor+Additions.swift */; };
		08A3F45724C61B0A00201278 /* UIView+Extensions.swift in Sources */ = {isa = PBXBuildFile; fileRef = 08A3F45424C61B0A00201278 /* UIView+Extensions.swift */; };
		08A3F45824C61B0A00201278 /* UITableView+Extensions.swift in Sources */ = {isa = PBXBuildFile; fileRef = 08A3F45524C61B0A00201278 /* UITableView+Extensions.swift */; };
		08A5E5DD24C85E0300AA7B61 /* Montserrat-Bold.ttf in Resources */ = {isa = PBXBuildFile; fileRef = 08A5E5DB24C85E0300AA7B61 /* Montserrat-Bold.ttf */; };
		08A5E5DE24C85E0300AA7B61 /* Montserrat-Regular.ttf in Resources */ = {isa = PBXBuildFile; fileRef = 08A5E5DC24C85E0300AA7B61 /* Montserrat-Regular.ttf */; };
		08A5E5E024C8644200AA7B61 /* EditVC.swift in Sources */ = {isa = PBXBuildFile; fileRef = 08A5E5DF24C8644200AA7B61 /* EditVC.swift */; };
		08A5E5E224C86BDC00AA7B61 /* EditWeekCVCell.swift in Sources */ = {isa = PBXBuildFile; fileRef = 08A5E5E124C86BDC00AA7B61 /* EditWeekCVCell.swift */; };
		08D4139C24BF4D410049BB44 /* RoutineTVCell.swift in Sources */ = {isa = PBXBuildFile; fileRef = 08D4139B24BF4D410049BB44 /* RoutineTVCell.swift */; };
		08D413A624C144830049BB44 /* CheckCVCell.swift in Sources */ = {isa = PBXBuildFile; fileRef = 08D413A524C144830049BB44 /* CheckCVCell.swift */; };
/* End PBXBuildFile section */

/* Begin PBXFileReference section */
		0636992A24CC1D3D00C1C900 /* HomeRootine.storyboard */ = {isa = PBXFileReference; lastKnownFileType = file.storyboard; path = HomeRootine.storyboard; sourceTree = "<group>"; };
		0636992C24CC1D4F00C1C900 /* HomeRootineViewController.swift */ = {isa = PBXFileReference; lastKnownFileType = sourcecode.swift; path = HomeRootineViewController.swift; sourceTree = "<group>"; };
		0636992E24CC1DAC00C1C900 /* HomeRootineCVCell.swift */ = {isa = PBXFileReference; lastKnownFileType = sourcecode.swift; path = HomeRootineCVCell.swift; sourceTree = "<group>"; };
		0636992F24CC1DAC00C1C900 /* HomeRootineCVCell.xib */ = {isa = PBXFileReference; lastKnownFileType = file.xib; path = HomeRootineCVCell.xib; sourceTree = "<group>"; };
		0636993624CC1E4F00C1C900 /* WeekRootineTVCell.swift */ = {isa = PBXFileReference; lastKnownFileType = sourcecode.swift; path = WeekRootineTVCell.swift; sourceTree = "<group>"; };
		0636993724CC1E4F00C1C900 /* WeekRootineTVCell.xib */ = {isa = PBXFileReference; lastKnownFileType = file.xib; path = WeekRootineTVCell.xib; sourceTree = "<group>"; };
		0636993E24CC1EEF00C1C900 /* DayRootineCVCell.swift */ = {isa = PBXFileReference; lastKnownFileType = sourcecode.swift; path = DayRootineCVCell.swift; sourceTree = "<group>"; };
		0636993F24CC1EEF00C1C900 /* DayRootineCVCell.xib */ = {isa = PBXFileReference; lastKnownFileType = file.xib; path = DayRootineCVCell.xib; sourceTree = "<group>"; };
		0636994624CD73A500C1C900 /* FMDBManager.swift */ = {isa = PBXFileReference; lastKnownFileType = sourcecode.swift; path = FMDBManager.swift; sourceTree = "<group>"; };
		06A720A124CE9AA200ED31DC /* RootineModel.swift */ = {isa = PBXFileReference; lastKnownFileType = sourcecode.swift; path = RootineModel.swift; sourceTree = "<group>"; };
		06A720A324CE9C4700ED31DC /* Date+Extension.swift */ = {isa = PBXFileReference; lastKnownFileType = sourcecode.swift; path = "Date+Extension.swift"; sourceTree = "<group>"; };
		06A720AB24CED0CC00ED31DC /* CalendarManager.swift */ = {isa = PBXFileReference; lastKnownFileType = sourcecode.swift; path = CalendarManager.swift; sourceTree = "<group>"; };
		0804D25224B84C5B002D2A12 /* mytine.app */ = {isa = PBXFileReference; explicitFileType = wrapper.application; includeInIndex = 0; path = mytine.app; sourceTree = BUILT_PRODUCTS_DIR; };
		0804D25524B84C5B002D2A12 /* AppDelegate.swift */ = {isa = PBXFileReference; lastKnownFileType = sourcecode.swift; path = AppDelegate.swift; sourceTree = "<group>"; };
		0804D25E24B84C5D002D2A12 /* Assets.xcassets */ = {isa = PBXFileReference; lastKnownFileType = folder.assetcatalog; path = Assets.xcassets; sourceTree = "<group>"; };
		0804D26124B84C5D002D2A12 /* Base */ = {isa = PBXFileReference; lastKnownFileType = file.storyboard; name = Base; path = Base.lproj/LaunchScreen.storyboard; sourceTree = "<group>"; };
		0804D26324B84C5D002D2A12 /* Info.plist */ = {isa = PBXFileReference; lastKnownFileType = text.plist.xml; path = Info.plist; sourceTree = "<group>"; };
		0804D26B24B84FD3002D2A12 /* Home.storyboard */ = {isa = PBXFileReference; lastKnownFileType = file.storyboard; path = Home.storyboard; sourceTree = "<group>"; };
		0804D26F24B850E3002D2A12 /* CalendarVC.swift */ = {isa = PBXFileReference; lastKnownFileType = sourcecode.swift; path = CalendarVC.swift; sourceTree = "<group>"; };
		0833EC4C24D08F6300DE5518 /* RoutineVC.swift */ = {isa = PBXFileReference; lastKnownFileType = sourcecode.swift; path = RoutineVC.swift; sourceTree = "<group>"; };
		0833EC4E24D090B600DE5518 /* ViewModelBindableType.swift */ = {isa = PBXFileReference; lastKnownFileType = sourcecode.swift; path = ViewModelBindableType.swift; sourceTree = "<group>"; };
		0833EC5124D091CB00DE5518 /* RoutineListViewModel.swift */ = {isa = PBXFileReference; lastKnownFileType = sourcecode.swift; path = RoutineListViewModel.swift; sourceTree = "<group>"; };
		0833EC5424D0921300DE5518 /* TransitionModel.swift */ = {isa = PBXFileReference; lastKnownFileType = sourcecode.swift; path = TransitionModel.swift; sourceTree = "<group>"; };
		0833EC5624D0928D00DE5518 /* Scene.swift */ = {isa = PBXFileReference; lastKnownFileType = sourcecode.swift; path = Scene.swift; sourceTree = "<group>"; };
		0833EC5824D0954000DE5518 /* SceneCoordinatorType.swift */ = {isa = PBXFileReference; lastKnownFileType = sourcecode.swift; path = SceneCoordinatorType.swift; sourceTree = "<group>"; };
		0833EC5A24D095CD00DE5518 /* SceneCoordinator.swift */ = {isa = PBXFileReference; lastKnownFileType = sourcecode.swift; path = SceneCoordinator.swift; sourceTree = "<group>"; };
		0833EC5C24D1CBA800DE5518 /* CommonViewModel.swift */ = {isa = PBXFileReference; lastKnownFileType = sourcecode.swift; path = CommonViewModel.swift; sourceTree = "<group>"; };
		0833EC5F24D1CD9900DE5518 /* RoutineStorageType.swift */ = {isa = PBXFileReference; lastKnownFileType = sourcecode.swift; path = RoutineStorageType.swift; sourceTree = "<group>"; };
		0833EC6124D1CEB700DE5518 /* MemoryStorage.swift */ = {isa = PBXFileReference; lastKnownFileType = sourcecode.swift; path = MemoryStorage.swift; sourceTree = "<group>"; };
		0833EC6424D1CFD000DE5518 /* Routine.swift */ = {isa = PBXFileReference; lastKnownFileType = sourcecode.swift; path = Routine.swift; sourceTree = "<group>"; };
		08A3F42624C40CB300201278 /* HomeVC.swift */ = {isa = PBXFileReference; lastKnownFileType = sourcecode.swift; path = HomeVC.swift; sourceTree = "<group>"; };
		08A3F44824C57B1E00201278 /* WeekTVCell.swift */ = {isa = PBXFileReference; lastKnownFileType = sourcecode.swift; path = WeekTVCell.swift; sourceTree = "<group>"; };
		08A3F44A24C57B8B00201278 /* WeekCVCell.swift */ = {isa = PBXFileReference; lastKnownFileType = sourcecode.swift; path = WeekCVCell.swift; sourceTree = "<group>"; };
		08A3F44C24C58AE400201278 /* HomePopVC.swift */ = {isa = PBXFileReference; lastKnownFileType = sourcecode.swift; path = HomePopVC.swift; sourceTree = "<group>"; };
		08A3F44E24C5D46300201278 /* TabTVCell.swift */ = {isa = PBXFileReference; lastKnownFileType = sourcecode.swift; path = TabTVCell.swift; sourceTree = "<group>"; };
		08A3F45124C5FC3D00201278 /* CheckReusableView.swift */ = {isa = PBXFileReference; lastKnownFileType = sourcecode.swift; path = CheckReusableView.swift; sourceTree = "<group>"; };
		08A3F45324C61B0A00201278 /* UIColor+Additions.swift */ = {isa = PBXFileReference; fileEncoding = 4; lastKnownFileType = sourcecode.swift; path = "UIColor+Additions.swift"; sourceTree = "<group>"; };
		08A3F45424C61B0A00201278 /* UIView+Extensions.swift */ = {isa = PBXFileReference; fileEncoding = 4; lastKnownFileType = sourcecode.swift; path = "UIView+Extensions.swift"; sourceTree = "<group>"; };
		08A3F45524C61B0A00201278 /* UITableView+Extensions.swift */ = {isa = PBXFileReference; fileEncoding = 4; lastKnownFileType = sourcecode.swift; path = "UITableView+Extensions.swift"; sourceTree = "<group>"; };
		08A5E5DB24C85E0300AA7B61 /* Montserrat-Bold.ttf */ = {isa = PBXFileReference; lastKnownFileType = file; path = "Montserrat-Bold.ttf"; sourceTree = "<group>"; };
		08A5E5DC24C85E0300AA7B61 /* Montserrat-Regular.ttf */ = {isa = PBXFileReference; lastKnownFileType = file; path = "Montserrat-Regular.ttf"; sourceTree = "<group>"; };
		08A5E5DF24C8644200AA7B61 /* EditVC.swift */ = {isa = PBXFileReference; lastKnownFileType = sourcecode.swift; path = EditVC.swift; sourceTree = "<group>"; };
		08A5E5E124C86BDC00AA7B61 /* EditWeekCVCell.swift */ = {isa = PBXFileReference; lastKnownFileType = sourcecode.swift; path = EditWeekCVCell.swift; sourceTree = "<group>"; };
		08D4139B24BF4D410049BB44 /* RoutineTVCell.swift */ = {isa = PBXFileReference; lastKnownFileType = sourcecode.swift; path = RoutineTVCell.swift; sourceTree = "<group>"; };
		08D413A524C144830049BB44 /* CheckCVCell.swift */ = {isa = PBXFileReference; lastKnownFileType = sourcecode.swift; path = CheckCVCell.swift; sourceTree = "<group>"; };
		568D2029B4D2C58F7F2D5318 /* Pods-mytine.debug.xcconfig */ = {isa = PBXFileReference; includeInIndex = 1; lastKnownFileType = text.xcconfig; name = "Pods-mytine.debug.xcconfig"; path = "Target Support Files/Pods-mytine/Pods-mytine.debug.xcconfig"; sourceTree = "<group>"; };
		69B35999940CD37C423E5A5B /* Pods-mytine.release.xcconfig */ = {isa = PBXFileReference; includeInIndex = 1; lastKnownFileType = text.xcconfig; name = "Pods-mytine.release.xcconfig"; path = "Target Support Files/Pods-mytine/Pods-mytine.release.xcconfig"; sourceTree = "<group>"; };
		AFDA17E344702CFAAB58362C /* Pods_mytine.framework */ = {isa = PBXFileReference; explicitFileType = wrapper.framework; includeInIndex = 0; path = Pods_mytine.framework; sourceTree = BUILT_PRODUCTS_DIR; };
/* End PBXFileReference section */

/* Begin PBXFrameworksBuildPhase section */
		0804D24F24B84C5B002D2A12 /* Frameworks */ = {
			isa = PBXFrameworksBuildPhase;
			buildActionMask = 2147483647;
			files = (
				0028C44641753489C46D550B /* Pods_mytine.framework in Frameworks */,
			);
			runOnlyForDeploymentPostprocessing = 0;
		};
/* End PBXFrameworksBuildPhase section */

/* Begin PBXGroup section */
		0636994524CD738900C1C900 /* Helper */ = {
			isa = PBXGroup;
			children = (
				0636994624CD73A500C1C900 /* FMDBManager.swift */,
				06A720AB24CED0CC00ED31DC /* CalendarManager.swift */,
			);
			path = Helper;
			sourceTree = "<group>";
		};
		06A720A024CE9A9500ED31DC /* Model */ = {
			isa = PBXGroup;
			children = (
				06A720A124CE9AA200ED31DC /* RootineModel.swift */,
				0833EC6424D1CFD000DE5518 /* Routine.swift */,
			);
			path = Model;
			sourceTree = "<group>";
		};
		0804D24924B84C5B002D2A12 = {
			isa = PBXGroup;
			children = (
				0804D25424B84C5B002D2A12 /* mytine */,
				0804D25324B84C5B002D2A12 /* Products */,
				2A3460BF91BC7C7AB44DFFC7 /* Pods */,
				A185F7A0F8677FDDD9120774 /* Frameworks */,
			);
			sourceTree = "<group>";
		};
		0804D25324B84C5B002D2A12 /* Products */ = {
			isa = PBXGroup;
			children = (
				0804D25224B84C5B002D2A12 /* mytine.app */,
			);
			name = Products;
			sourceTree = "<group>";
		};
		0804D25424B84C5B002D2A12 /* mytine */ = {
			isa = PBXGroup;
			children = (
				0804D26D24B85066002D2A12 /* Resources */,
				0804D26924B84FA9002D2A12 /* Sources */,
				0804D25524B84C5B002D2A12 /* AppDelegate.swift */,
				0804D25E24B84C5D002D2A12 /* Assets.xcassets */,
				0804D26024B84C5D002D2A12 /* LaunchScreen.storyboard */,
				0804D26324B84C5D002D2A12 /* Info.plist */,
			);
			path = mytine;
			sourceTree = "<group>";
		};
		0804D26924B84FA9002D2A12 /* Sources */ = {
			isa = PBXGroup;
			children = (
				08A7A64C24CC3CD400D609E2 /* Screen */,
			);
			path = Sources;
			sourceTree = "<group>";
		};
		0804D26A24B84FB2002D2A12 /* Storyboard */ = {
			isa = PBXGroup;
			children = (
				0804D26B24B84FD3002D2A12 /* Home.storyboard */,
			);
			path = Storyboard;
			sourceTree = "<group>";
		};
		0804D26D24B85066002D2A12 /* Resources */ = {
			isa = PBXGroup;
			children = (
				0833EC5324D0920500DE5518 /* Scene */,
				0833EC5E24D1CD7600DE5518 /* Service */,
				0636994524CD738900C1C900 /* Helper */,
				08A3F45024C5F77B00201278 /* Fonts */,
				0804D27324B8594C002D2A12 /* Extensions */,
			);
			path = Resources;
			sourceTree = "<group>";
		};
		0804D27324B8594C002D2A12 /* Extensions */ = {
			isa = PBXGroup;
			children = (
				08A3F45324C61B0A00201278 /* UIColor+Additions.swift */,
				08A3F45524C61B0A00201278 /* UITableView+Extensions.swift */,
				08A3F45424C61B0A00201278 /* UIView+Extensions.swift */,
				06A720A324CE9C4700ED31DC /* Date+Extension.swift */,
			);
			name = Extensions;
			sourceTree = "<group>";
		};
		0833EC5024D091B800DE5518 /* ViewModel */ = {
			isa = PBXGroup;
			children = (
				0833EC5124D091CB00DE5518 /* RoutineListViewModel.swift */,
				0833EC5C24D1CBA800DE5518 /* CommonViewModel.swift */,
			);
			path = ViewModel;
			sourceTree = "<group>";
		};
		0833EC5324D0920500DE5518 /* Scene */ = {
			isa = PBXGroup;
			children = (
				0833EC5424D0921300DE5518 /* TransitionModel.swift */,
				0833EC5624D0928D00DE5518 /* Scene.swift */,
				0833EC5824D0954000DE5518 /* SceneCoordinatorType.swift */,
				0833EC5A24D095CD00DE5518 /* SceneCoordinator.swift */,
			);
			path = Scene;
			sourceTree = "<group>";
		};
		0833EC5E24D1CD7600DE5518 /* Service */ = {
			isa = PBXGroup;
			children = (
				0833EC5F24D1CD9900DE5518 /* RoutineStorageType.swift */,
				0833EC6324D1CED800DE5518 /* MemoryStorage */,
			);
			path = Service;
			sourceTree = "<group>";
		};
		0833EC6324D1CED800DE5518 /* MemoryStorage */ = {
			isa = PBXGroup;
			children = (
				0833EC6124D1CEB700DE5518 /* MemoryStorage.swift */,
			);
			path = MemoryStorage;
			sourceTree = "<group>";
		};
		08A3F45024C5F77B00201278 /* Fonts */ = {
			isa = PBXGroup;
			children = (
				08A5E5DB24C85E0300AA7B61 /* Montserrat-Bold.ttf */,
				08A5E5DC24C85E0300AA7B61 /* Montserrat-Regular.ttf */,
			);
			path = Fonts;
			sourceTree = "<group>";
		};
		08A7A64C24CC3CD400D609E2 /* Screen */ = {
			isa = PBXGroup;
			children = (
				08A7A64E24CC3CE500D609E2 /* HomeEtc */,
				08A7A64D24CC3CDD00D609E2 /* Home */,
			);
			path = Screen;
			sourceTree = "<group>";
		};
		08A7A64D24CC3CDD00D609E2 /* Home */ = {
			isa = PBXGroup;
			children = (
				0833EC5024D091B800DE5518 /* ViewModel */,
				08A7A65224CC3DA900D609E2 /* Views */,
			);
			path = Home;
			sourceTree = "<group>";
		};
		08A7A64E24CC3CE500D609E2 /* HomeEtc */ = {
			isa = PBXGroup;
			children = (
				06A720A024CE9A9500ED31DC /* Model */,
				08A7A65024CC3D8300D609E2 /* Views */,
				0636992C24CC1D4F00C1C900 /* HomeRootineViewController.swift */,
			);
			path = HomeEtc;
			sourceTree = "<group>";
		};
		08A7A64F24CC3D7400D609E2 /* Storyboard */ = {
			isa = PBXGroup;
			children = (
				0636992A24CC1D3D00C1C900 /* HomeRootine.storyboard */,
			);
			path = Storyboard;
			sourceTree = "<group>";
		};
		08A7A65024CC3D8300D609E2 /* Views */ = {
			isa = PBXGroup;
			children = (
				08A5E5DF24C8644200AA7B61 /* EditVC.swift */,
				0804D26F24B850E3002D2A12 /* CalendarVC.swift */,
				08A7A64F24CC3D7400D609E2 /* Storyboard */,
			);
			path = Views;
			sourceTree = "<group>";
		};
		08A7A65124CC3D9B00D609E2 /* SampleCell */ = {
			isa = PBXGroup;
			children = (
				0636992E24CC1DAC00C1C900 /* HomeRootineCVCell.swift */,
				0636992F24CC1DAC00C1C900 /* HomeRootineCVCell.xib */,
				0636993624CC1E4F00C1C900 /* WeekRootineTVCell.swift */,
				0636993724CC1E4F00C1C900 /* WeekRootineTVCell.xib */,
				0636993E24CC1EEF00C1C900 /* DayRootineCVCell.swift */,
				0636993F24CC1EEF00C1C900 /* DayRootineCVCell.xib */,
			);
			path = SampleCell;
			sourceTree = "<group>";
		};
		08A7A65224CC3DA900D609E2 /* Views */ = {
			isa = PBXGroup;
			children = (
				0804D26A24B84FB2002D2A12 /* Storyboard */,
				08A7A65124CC3D9B00D609E2 /* SampleCell */,
				08D4139A24BF4D2B0049BB44 /* Cell */,
				08A3F42624C40CB300201278 /* HomeVC.swift */,
				0833EC4C24D08F6300DE5518 /* RoutineVC.swift */,
				0833EC4E24D090B600DE5518 /* ViewModelBindableType.swift */,
				08A3F44C24C58AE400201278 /* HomePopVC.swift */,
			);
			path = Views;
			sourceTree = "<group>";
		};
		08D4139A24BF4D2B0049BB44 /* Cell */ = {
			isa = PBXGroup;
			children = (
				08D4139B24BF4D410049BB44 /* RoutineTVCell.swift */,
				08D413A524C144830049BB44 /* CheckCVCell.swift */,
				08A3F44824C57B1E00201278 /* WeekTVCell.swift */,
				08A3F44A24C57B8B00201278 /* WeekCVCell.swift */,
				08A3F44E24C5D46300201278 /* TabTVCell.swift */,
				08A3F45124C5FC3D00201278 /* CheckReusableView.swift */,
				08A5E5E124C86BDC00AA7B61 /* EditWeekCVCell.swift */,
			);
			path = Cell;
			sourceTree = "<group>";
		};
		2A3460BF91BC7C7AB44DFFC7 /* Pods */ = {
			isa = PBXGroup;
			children = (
				568D2029B4D2C58F7F2D5318 /* Pods-mytine.debug.xcconfig */,
				69B35999940CD37C423E5A5B /* Pods-mytine.release.xcconfig */,
			);
			path = Pods;
			sourceTree = "<group>";
		};
		A185F7A0F8677FDDD9120774 /* Frameworks */ = {
			isa = PBXGroup;
			children = (
				AFDA17E344702CFAAB58362C /* Pods_mytine.framework */,
			);
			name = Frameworks;
			sourceTree = "<group>";
		};
/* End PBXGroup section */

/* Begin PBXNativeTarget section */
		0804D25124B84C5B002D2A12 /* mytine */ = {
			isa = PBXNativeTarget;
			buildConfigurationList = 0804D26624B84C5D002D2A12 /* Build configuration list for PBXNativeTarget "mytine" */;
			buildPhases = (
				EBBF3500EE61377475E7C71C /* [CP] Check Pods Manifest.lock */,
				0804D24E24B84C5B002D2A12 /* Sources */,
				0804D24F24B84C5B002D2A12 /* Frameworks */,
				0804D25024B84C5B002D2A12 /* Resources */,
				8FCC3DE7FF492E2471E21589 /* [CP] Embed Pods Frameworks */,
			);
			buildRules = (
			);
			dependencies = (
			);
			name = mytine;
			productName = mytine;
			productReference = 0804D25224B84C5B002D2A12 /* mytine.app */;
			productType = "com.apple.product-type.application";
		};
/* End PBXNativeTarget section */

/* Begin PBXProject section */
		0804D24A24B84C5B002D2A12 /* Project object */ = {
			isa = PBXProject;
			attributes = {
				LastSwiftUpdateCheck = 1150;
				LastUpgradeCheck = 1150;
				ORGANIZATIONNAME = "황수빈";
				TargetAttributes = {
					0804D25124B84C5B002D2A12 = {
						CreatedOnToolsVersion = 11.5;
					};
				};
			};
			buildConfigurationList = 0804D24D24B84C5B002D2A12 /* Build configuration list for PBXProject "mytine" */;
			compatibilityVersion = "Xcode 9.3";
			developmentRegion = en;
			hasScannedForEncodings = 0;
			knownRegions = (
				en,
				Base,
			);
			mainGroup = 0804D24924B84C5B002D2A12;
			productRefGroup = 0804D25324B84C5B002D2A12 /* Products */;
			projectDirPath = "";
			projectRoot = "";
			targets = (
				0804D25124B84C5B002D2A12 /* mytine */,
			);
		};
/* End PBXProject section */

/* Begin PBXResourcesBuildPhase section */
		0804D25024B84C5B002D2A12 /* Resources */ = {
			isa = PBXResourcesBuildPhase;
			buildActionMask = 2147483647;
			files = (
				0636993124CC1DAC00C1C900 /* HomeRootineCVCell.xib in Resources */,
				0636992B24CC1D3D00C1C900 /* HomeRootine.storyboard in Resources */,
				0636993924CC1E4F00C1C900 /* WeekRootineTVCell.xib in Resources */,
				08A5E5DE24C85E0300AA7B61 /* Montserrat-Regular.ttf in Resources */,
				08A5E5DD24C85E0300AA7B61 /* Montserrat-Bold.ttf in Resources */,
				0804D26224B84C5D002D2A12 /* LaunchScreen.storyboard in Resources */,
				0636994124CC1EEF00C1C900 /* DayRootineCVCell.xib in Resources */,
				0804D25F24B84C5D002D2A12 /* Assets.xcassets in Resources */,
				0804D26C24B84FD3002D2A12 /* Home.storyboard in Resources */,
			);
			runOnlyForDeploymentPostprocessing = 0;
		};
/* End PBXResourcesBuildPhase section */

/* Begin PBXShellScriptBuildPhase section */
		8FCC3DE7FF492E2471E21589 /* [CP] Embed Pods Frameworks */ = {
			isa = PBXShellScriptBuildPhase;
			buildActionMask = 2147483647;
			files = (
			);
			inputFileListPaths = (
				"${PODS_ROOT}/Target Support Files/Pods-mytine/Pods-mytine-frameworks-${CONFIGURATION}-input-files.xcfilelist",
			);
			name = "[CP] Embed Pods Frameworks";
			outputFileListPaths = (
				"${PODS_ROOT}/Target Support Files/Pods-mytine/Pods-mytine-frameworks-${CONFIGURATION}-output-files.xcfilelist",
			);
			runOnlyForDeploymentPostprocessing = 0;
			shellPath = /bin/sh;
			shellScript = "\"${PODS_ROOT}/Target Support Files/Pods-mytine/Pods-mytine-frameworks.sh\"\n";
			showEnvVarsInLog = 0;
		};
		EBBF3500EE61377475E7C71C /* [CP] Check Pods Manifest.lock */ = {
			isa = PBXShellScriptBuildPhase;
			buildActionMask = 2147483647;
			files = (
			);
			inputFileListPaths = (
			);
			inputPaths = (
				"${PODS_PODFILE_DIR_PATH}/Podfile.lock",
				"${PODS_ROOT}/Manifest.lock",
			);
			name = "[CP] Check Pods Manifest.lock";
			outputFileListPaths = (
			);
			outputPaths = (
				"$(DERIVED_FILE_DIR)/Pods-mytine-checkManifestLockResult.txt",
			);
			runOnlyForDeploymentPostprocessing = 0;
			shellPath = /bin/sh;
			shellScript = "diff \"${PODS_PODFILE_DIR_PATH}/Podfile.lock\" \"${PODS_ROOT}/Manifest.lock\" > /dev/null\nif [ $? != 0 ] ; then\n    # print error to STDERR\n    echo \"error: The sandbox is not in sync with the Podfile.lock. Run 'pod install' or update your CocoaPods installation.\" >&2\n    exit 1\nfi\n# This output is used by Xcode 'outputs' to avoid re-running this script phase.\necho \"SUCCESS\" > \"${SCRIPT_OUTPUT_FILE_0}\"\n";
			showEnvVarsInLog = 0;
		};
/* End PBXShellScriptBuildPhase section */

/* Begin PBXSourcesBuildPhase section */
		0804D24E24B84C5B002D2A12 /* Sources */ = {
			isa = PBXSourcesBuildPhase;
			buildActionMask = 2147483647;
			files = (
				08A3F45824C61B0A00201278 /* UITableView+Extensions.swift in Sources */,
				0833EC4D24D08F6300DE5518 /* RoutineVC.swift in Sources */,
				06A720A424CE9C4700ED31DC /* Date+Extension.swift in Sources */,
				08A5E5E224C86BDC00AA7B61 /* EditWeekCVCell.swift in Sources */,
				0833EC5724D0928D00DE5518 /* Scene.swift in Sources */,
				08A3F45724C61B0A00201278 /* UIView+Extensions.swift in Sources */,
				0833EC5224D091CB00DE5518 /* RoutineListViewModel.swift in Sources */,
				08A3F44924C57B1E00201278 /* WeekTVCell.swift in Sources */,
				0636993024CC1DAC00C1C900 /* HomeRootineCVCell.swift in Sources */,
				0636994024CC1EEF00C1C900 /* DayRootineCVCell.swift in Sources */,
				08A3F45624C61B0A00201278 /* UIColor+Additions.swift in Sources */,
				08A3F44F24C5D46300201278 /* TabTVCell.swift in Sources */,
				0833EC4F24D090B600DE5518 /* ViewModelBindableType.swift in Sources */,
				06A720A224CE9AA200ED31DC /* RootineModel.swift in Sources */,
				08A5E5E024C8644200AA7B61 /* EditVC.swift in Sources */,
				08A3F44B24C57B8B00201278 /* WeekCVCell.swift in Sources */,
				0833EC6024D1CD9900DE5518 /* RoutineStorageType.swift in Sources */,
				08D4139C24BF4D410049BB44 /* RoutineTVCell.swift in Sources */,
				0833EC6224D1CEB700DE5518 /* MemoryStorage.swift in Sources */,
				0636992D24CC1D4F00C1C900 /* HomeRootineViewController.swift in Sources */,
				0833EC6524D1CFD000DE5518 /* Routine.swift in Sources */,
				0636993824CC1E4F00C1C900 /* WeekRootineTVCell.swift in Sources */,
				0804D27024B850E3002D2A12 /* CalendarVC.swift in Sources */,
				0833EC5924D0954000DE5518 /* SceneCoordinatorType.swift in Sources */,
				0833EC5B24D095CD00DE5518 /* SceneCoordinator.swift in Sources */,
				0804D25624B84C5B002D2A12 /* AppDelegate.swift in Sources */,
				0833EC5D24D1CBA800DE5518 /* CommonViewModel.swift in Sources */,
				08A3F44D24C58AE400201278 /* HomePopVC.swift in Sources */,
				06A720AC24CED0CC00ED31DC /* CalendarManager.swift in Sources */,
				0636994724CD73A500C1C900 /* FMDBManager.swift in Sources */,
				08D413A624C144830049BB44 /* CheckCVCell.swift in Sources */,
				0833EC5524D0921300DE5518 /* TransitionModel.swift in Sources */,
				08A3F42724C40CB300201278 /* HomeVC.swift in Sources */,
				08A3F45224C5FC3D00201278 /* CheckReusableView.swift in Sources */,
			);
			runOnlyForDeploymentPostprocessing = 0;
		};
/* End PBXSourcesBuildPhase section */

/* Begin PBXVariantGroup section */
		0804D26024B84C5D002D2A12 /* LaunchScreen.storyboard */ = {
			isa = PBXVariantGroup;
			children = (
				0804D26124B84C5D002D2A12 /* Base */,
			);
			name = LaunchScreen.storyboard;
			sourceTree = "<group>";
		};
/* End PBXVariantGroup section */

/* Begin XCBuildConfiguration section */
		0804D26424B84C5D002D2A12 /* Debug */ = {
			isa = XCBuildConfiguration;
			buildSettings = {
				ALWAYS_SEARCH_USER_PATHS = NO;
				CLANG_ANALYZER_NONNULL = YES;
				CLANG_ANALYZER_NUMBER_OBJECT_CONVERSION = YES_AGGRESSIVE;
				CLANG_CXX_LANGUAGE_STANDARD = "gnu++14";
				CLANG_CXX_LIBRARY = "libc++";
				CLANG_ENABLE_MODULES = YES;
				CLANG_ENABLE_OBJC_ARC = YES;
				CLANG_ENABLE_OBJC_WEAK = YES;
				CLANG_WARN_BLOCK_CAPTURE_AUTORELEASING = YES;
				CLANG_WARN_BOOL_CONVERSION = YES;
				CLANG_WARN_COMMA = YES;
				CLANG_WARN_CONSTANT_CONVERSION = YES;
				CLANG_WARN_DEPRECATED_OBJC_IMPLEMENTATIONS = YES;
				CLANG_WARN_DIRECT_OBJC_ISA_USAGE = YES_ERROR;
				CLANG_WARN_DOCUMENTATION_COMMENTS = YES;
				CLANG_WARN_EMPTY_BODY = YES;
				CLANG_WARN_ENUM_CONVERSION = YES;
				CLANG_WARN_INFINITE_RECURSION = YES;
				CLANG_WARN_INT_CONVERSION = YES;
				CLANG_WARN_NON_LITERAL_NULL_CONVERSION = YES;
				CLANG_WARN_OBJC_IMPLICIT_RETAIN_SELF = YES;
				CLANG_WARN_OBJC_LITERAL_CONVERSION = YES;
				CLANG_WARN_OBJC_ROOT_CLASS = YES_ERROR;
				CLANG_WARN_RANGE_LOOP_ANALYSIS = YES;
				CLANG_WARN_STRICT_PROTOTYPES = YES;
				CLANG_WARN_SUSPICIOUS_MOVE = YES;
				CLANG_WARN_UNGUARDED_AVAILABILITY = YES_AGGRESSIVE;
				CLANG_WARN_UNREACHABLE_CODE = YES;
				CLANG_WARN__DUPLICATE_METHOD_MATCH = YES;
				COPY_PHASE_STRIP = NO;
				DEBUG_INFORMATION_FORMAT = dwarf;
				ENABLE_STRICT_OBJC_MSGSEND = YES;
				ENABLE_TESTABILITY = YES;
				GCC_C_LANGUAGE_STANDARD = gnu11;
				GCC_DYNAMIC_NO_PIC = NO;
				GCC_NO_COMMON_BLOCKS = YES;
				GCC_OPTIMIZATION_LEVEL = 0;
				GCC_PREPROCESSOR_DEFINITIONS = (
					"DEBUG=1",
					"$(inherited)",
				);
				GCC_WARN_64_TO_32_BIT_CONVERSION = YES;
				GCC_WARN_ABOUT_RETURN_TYPE = YES_ERROR;
				GCC_WARN_UNDECLARED_SELECTOR = YES;
				GCC_WARN_UNINITIALIZED_AUTOS = YES_AGGRESSIVE;
				GCC_WARN_UNUSED_FUNCTION = YES;
				GCC_WARN_UNUSED_VARIABLE = YES;
				IPHONEOS_DEPLOYMENT_TARGET = 13.0;
				MTL_ENABLE_DEBUG_INFO = INCLUDE_SOURCE;
				MTL_FAST_MATH = YES;
				ONLY_ACTIVE_ARCH = YES;
				SDKROOT = iphoneos;
				SWIFT_ACTIVE_COMPILATION_CONDITIONS = DEBUG;
				SWIFT_OPTIMIZATION_LEVEL = "-Onone";
			};
			name = Debug;
		};
		0804D26524B84C5D002D2A12 /* Release */ = {
			isa = XCBuildConfiguration;
			buildSettings = {
				ALWAYS_SEARCH_USER_PATHS = NO;
				CLANG_ANALYZER_NONNULL = YES;
				CLANG_ANALYZER_NUMBER_OBJECT_CONVERSION = YES_AGGRESSIVE;
				CLANG_CXX_LANGUAGE_STANDARD = "gnu++14";
				CLANG_CXX_LIBRARY = "libc++";
				CLANG_ENABLE_MODULES = YES;
				CLANG_ENABLE_OBJC_ARC = YES;
				CLANG_ENABLE_OBJC_WEAK = YES;
				CLANG_WARN_BLOCK_CAPTURE_AUTORELEASING = YES;
				CLANG_WARN_BOOL_CONVERSION = YES;
				CLANG_WARN_COMMA = YES;
				CLANG_WARN_CONSTANT_CONVERSION = YES;
				CLANG_WARN_DEPRECATED_OBJC_IMPLEMENTATIONS = YES;
				CLANG_WARN_DIRECT_OBJC_ISA_USAGE = YES_ERROR;
				CLANG_WARN_DOCUMENTATION_COMMENTS = YES;
				CLANG_WARN_EMPTY_BODY = YES;
				CLANG_WARN_ENUM_CONVERSION = YES;
				CLANG_WARN_INFINITE_RECURSION = YES;
				CLANG_WARN_INT_CONVERSION = YES;
				CLANG_WARN_NON_LITERAL_NULL_CONVERSION = YES;
				CLANG_WARN_OBJC_IMPLICIT_RETAIN_SELF = YES;
				CLANG_WARN_OBJC_LITERAL_CONVERSION = YES;
				CLANG_WARN_OBJC_ROOT_CLASS = YES_ERROR;
				CLANG_WARN_RANGE_LOOP_ANALYSIS = YES;
				CLANG_WARN_STRICT_PROTOTYPES = YES;
				CLANG_WARN_SUSPICIOUS_MOVE = YES;
				CLANG_WARN_UNGUARDED_AVAILABILITY = YES_AGGRESSIVE;
				CLANG_WARN_UNREACHABLE_CODE = YES;
				CLANG_WARN__DUPLICATE_METHOD_MATCH = YES;
				COPY_PHASE_STRIP = NO;
				DEBUG_INFORMATION_FORMAT = "dwarf-with-dsym";
				ENABLE_NS_ASSERTIONS = NO;
				ENABLE_STRICT_OBJC_MSGSEND = YES;
				GCC_C_LANGUAGE_STANDARD = gnu11;
				GCC_NO_COMMON_BLOCKS = YES;
				GCC_WARN_64_TO_32_BIT_CONVERSION = YES;
				GCC_WARN_ABOUT_RETURN_TYPE = YES_ERROR;
				GCC_WARN_UNDECLARED_SELECTOR = YES;
				GCC_WARN_UNINITIALIZED_AUTOS = YES_AGGRESSIVE;
				GCC_WARN_UNUSED_FUNCTION = YES;
				GCC_WARN_UNUSED_VARIABLE = YES;
				IPHONEOS_DEPLOYMENT_TARGET = 13.0;
				MTL_ENABLE_DEBUG_INFO = NO;
				MTL_FAST_MATH = YES;
				SDKROOT = iphoneos;
				SWIFT_COMPILATION_MODE = wholemodule;
				SWIFT_OPTIMIZATION_LEVEL = "-O";
				VALIDATE_PRODUCT = YES;
			};
			name = Release;
		};
		0804D26724B84C5D002D2A12 /* Debug */ = {
			isa = XCBuildConfiguration;
			baseConfigurationReference = 568D2029B4D2C58F7F2D5318 /* Pods-mytine.debug.xcconfig */;
			buildSettings = {
				ASSETCATALOG_COMPILER_APPICON_NAME = AppIcon;
				CODE_SIGN_IDENTITY = "iPhone Developer";
				CODE_SIGN_STYLE = Manual;
				DEVELOPMENT_TEAM = 39X44DH4RN;
				INFOPLIST_FILE = mytine/Info.plist;
				IPHONEOS_DEPLOYMENT_TARGET = 13.0;
				LD_RUNPATH_SEARCH_PATHS = (
					"$(inherited)",
					"@executable_path/Frameworks",
				);
				PRODUCT_BUNDLE_IDENTIFIER = com.nexters.mytine;
				PRODUCT_NAME = mytine;
				PROVISIONING_PROFILE_SPECIFIER = mytine;
				SWIFT_VERSION = 5.0;
				TARGETED_DEVICE_FAMILY = "1,2";
			};
			name = Debug;
		};
		0804D26824B84C5D002D2A12 /* Release */ = {
			isa = XCBuildConfiguration;
			baseConfigurationReference = 69B35999940CD37C423E5A5B /* Pods-mytine.release.xcconfig */;
			buildSettings = {
				ASSETCATALOG_COMPILER_APPICON_NAME = AppIcon;
				CODE_SIGN_IDENTITY = "iPhone Developer";
				CODE_SIGN_STYLE = Manual;
				DEVELOPMENT_TEAM = 39X44DH4RN;
				INFOPLIST_FILE = mytine/Info.plist;
				IPHONEOS_DEPLOYMENT_TARGET = 13.0;
				LD_RUNPATH_SEARCH_PATHS = (
					"$(inherited)",
					"@executable_path/Frameworks",
				);
				PRODUCT_BUNDLE_IDENTIFIER = com.nexters.mytine;
				PRODUCT_NAME = mytine;
				PROVISIONING_PROFILE_SPECIFIER = mytine;
				SWIFT_VERSION = 5.0;
				TARGETED_DEVICE_FAMILY = "1,2";
			};
			name = Release;
		};
/* End XCBuildConfiguration section */

/* Begin XCConfigurationList section */
		0804D24D24B84C5B002D2A12 /* Build configuration list for PBXProject "mytine" */ = {
			isa = XCConfigurationList;
			buildConfigurations = (
				0804D26424B84C5D002D2A12 /* Debug */,
				0804D26524B84C5D002D2A12 /* Release */,
			);
			defaultConfigurationIsVisible = 0;
			defaultConfigurationName = Release;
		};
		0804D26624B84C5D002D2A12 /* Build configuration list for PBXNativeTarget "mytine" */ = {
			isa = XCConfigurationList;
			buildConfigurations = (
				0804D26724B84C5D002D2A12 /* Debug */,
				0804D26824B84C5D002D2A12 /* Release */,
			);
			defaultConfigurationIsVisible = 0;
			defaultConfigurationName = Release;
		};
/* End XCConfigurationList section */
	};
	rootObject = 0804D24A24B84C5B002D2A12 /* Project object */;
}
